// !$*UTF8*$!
{
	archiveVersion = 1;
	classes = {
	};
	objectVersion = 46;
	objects = {

/* Begin PBXBuildFile section */
		EE2520951D2FE67E0084688D /* gtest-all.cc in Sources */ = {isa = PBXBuildFile; fileRef = EE2520931D2FE67E0084688D /* gtest-all.cc */; };
		EE2521501D3093F50084688D /* gtest_main.cc in Sources */ = {isa = PBXBuildFile; fileRef = EE2520941D2FE67E0084688D /* gtest_main.cc */; };
/* End PBXBuildFile section */

/* Begin PBXCopyFilesBuildPhase section */
		EE251F9D1D2FCE6D0084688D /* CopyFiles */ = {
			isa = PBXCopyFilesBuildPhase;
			buildActionMask = 2147483647;
			dstPath = "include/$(PRODUCT_NAME)";
			dstSubfolderSpec = 16;
			files = (
			);
			runOnlyForDeploymentPostprocessing = 0;
		};
		EE2520A31D2FEA4F0084688D /* CopyFiles */ = {
			isa = PBXCopyFilesBuildPhase;
			buildActionMask = 2147483647;
			dstPath = "include/$(PRODUCT_NAME)";
			dstSubfolderSpec = 16;
			files = (
			);
			runOnlyForDeploymentPostprocessing = 0;
		};
/* End PBXCopyFilesBuildPhase section */

/* Begin PBXFileReference section */
		EE251F9F1D2FCE6D0084688D /* libgtestSrc.a */ = {isa = PBXFileReference; explicitFileType = archive.ar; includeInIndex = 0; path = libgtestSrc.a; sourceTree = BUILT_PRODUCTS_DIR; };
		EE2520921D2FE67E0084688D /* gtest.h */ = {isa = PBXFileReference; fileEncoding = 4; lastKnownFileType = sourcecode.c.h; path = gtest.h; sourceTree = "<group>"; };
		EE2520931D2FE67E0084688D /* gtest-all.cc */ = {isa = PBXFileReference; fileEncoding = 4; lastKnownFileType = sourcecode.cpp.cpp; path = "gtest-all.cc"; sourceTree = "<group>"; };
		EE2520941D2FE67E0084688D /* gtest_main.cc */ = {isa = PBXFileReference; fileEncoding = 4; lastKnownFileType = sourcecode.cpp.cpp; path = gtest_main.cc; sourceTree = "<group>"; };
		EE2520A51D2FEA4F0084688D /* libgtest_main.a */ = {isa = PBXFileReference; explicitFileType = archive.ar; includeInIndex = 0; path = libgtest_main.a; sourceTree = BUILT_PRODUCTS_DIR; };
/* End PBXFileReference section */

/* Begin PBXFrameworksBuildPhase section */
		EE251F9C1D2FCE6D0084688D /* Frameworks */ = {
			isa = PBXFrameworksBuildPhase;
			buildActionMask = 2147483647;
			files = (
			);
			runOnlyForDeploymentPostprocessing = 0;
		};
		EE2520A21D2FEA4F0084688D /* Frameworks */ = {
			isa = PBXFrameworksBuildPhase;
			buildActionMask = 2147483647;
			files = (
			);
			runOnlyForDeploymentPostprocessing = 0;
		};
/* End PBXFrameworksBuildPhase section */

/* Begin PBXGroup section */
		EE251F961D2FCE6D0084688D = {
			isa = PBXGroup;
			children = (
				EE2520901D2FE67E0084688D /* src */,
				EE251FA01D2FCE6D0084688D /* Products */,
			);
			sourceTree = "<group>";
		};
		EE251FA01D2FCE6D0084688D /* Products */ = {
			isa = PBXGroup;
			children = (
				EE251F9F1D2FCE6D0084688D /* libgtestSrc.a */,
				EE2520A51D2FEA4F0084688D /* libgtest_main.a */,
			);
			name = Products;
			sourceTree = "<group>";
		};
		EE2520901D2FE67E0084688D /* src */ = {
			isa = PBXGroup;
			children = (
				EE2520911D2FE67E0084688D /* gtest */,
				EE2520931D2FE67E0084688D /* gtest-all.cc */,
				EE2520941D2FE67E0084688D /* gtest_main.cc */,
			);
			path = src;
			sourceTree = "<group>";
		};
		EE2520911D2FE67E0084688D /* gtest */ = {
			isa = PBXGroup;
			children = (
				EE2520921D2FE67E0084688D /* gtest.h */,
			);
			path = gtest;
			sourceTree = "<group>";
		};
/* End PBXGroup section */

/* Begin PBXNativeTarget section */
		EE251F9E1D2FCE6D0084688D /* gtestSrc */ = {
			isa = PBXNativeTarget;
			buildConfigurationList = EE251FA81D2FCE6D0084688D /* Build configuration list for PBXNativeTarget "gtestSrc" */;
			buildPhases = (
				EE251F9B1D2FCE6D0084688D /* Sources */,
				EE251F9C1D2FCE6D0084688D /* Frameworks */,
				EE251F9D1D2FCE6D0084688D /* CopyFiles */,
			);
			buildRules = (
			);
			dependencies = (
			);
			name = gtestSrc;
			productName = gtestSrc;
			productReference = EE251F9F1D2FCE6D0084688D /* libgtestSrc.a */;
			productType = "com.apple.product-type.library.static";
		};
		EE2520A41D2FEA4F0084688D /* gtest_main */ = {
			isa = PBXNativeTarget;
			buildConfigurationList = EE2520AD1D2FEA4F0084688D /* Build configuration list for PBXNativeTarget "gtest_main" */;
			buildPhases = (
				EE2520A11D2FEA4F0084688D /* Sources */,
				EE2520A21D2FEA4F0084688D /* Frameworks */,
				EE2520A31D2FEA4F0084688D /* CopyFiles */,
			);
			buildRules = (
			);
			dependencies = (
			);
			name = gtest_main;
			productName = gtest_main;
			productReference = EE2520A51D2FEA4F0084688D /* libgtest_main.a */;
			productType = "com.apple.product-type.library.static";
		};
/* End PBXNativeTarget section */

/* Begin PBXProject section */
		EE251F971D2FCE6D0084688D /* Project object */ = {
			isa = PBXProject;
			attributes = {
				LastUpgradeCheck = 0730;
				ORGANIZATIONNAME = jinren;
				TargetAttributes = {
					EE251F9E1D2FCE6D0084688D = {
						CreatedOnToolsVersion = 7.3;
					};
					EE2520A41D2FEA4F0084688D = {
						CreatedOnToolsVersion = 7.3;
					};
				};
			};
			buildConfigurationList = EE251F9A1D2FCE6D0084688D /* Build configuration list for PBXProject "gtestSrc" */;
			compatibilityVersion = "Xcode 3.2";
			developmentRegion = English;
			hasScannedForEncodings = 0;
			knownRegions = (
				en,
			);
			mainGroup = EE251F961D2FCE6D0084688D;
			productRefGroup = EE251FA01D2FCE6D0084688D /* Products */;
			projectDirPath = "";
			projectRoot = "";
			targets = (
				EE251F9E1D2FCE6D0084688D /* gtestSrc */,
				EE2520A41D2FEA4F0084688D /* gtest_main */,
			);
		};
/* End PBXProject section */

/* Begin PBXSourcesBuildPhase section */
		EE251F9B1D2FCE6D0084688D /* Sources */ = {
			isa = PBXSourcesBuildPhase;
			buildActionMask = 2147483647;
			files = (
				EE2520951D2FE67E0084688D /* gtest-all.cc in Sources */,
			);
			runOnlyForDeploymentPostprocessing = 0;
		};
		EE2520A11D2FEA4F0084688D /* Sources */ = {
			isa = PBXSourcesBuildPhase;
			buildActionMask = 2147483647;
			files = (
				EE2521501D3093F50084688D /* gtest_main.cc in Sources */,
			);
			runOnlyForDeploymentPostprocessing = 0;
		};
/* End PBXSourcesBuildPhase section */

/* Begin XCBuildConfiguration section */
		EE251FA61D2FCE6D0084688D /* Debug */ = {
			isa = XCBuildConfiguration;
			buildSettings = {
				ALWAYS_SEARCH_USER_PATHS = NO;
				CLANG_ANALYZER_NONNULL = YES;
				CLANG_CXX_LANGUAGE_STANDARD = "gnu++0x";
				CLANG_CXX_LIBRARY = "libc++";
				CLANG_ENABLE_MODULES = YES;
				CLANG_ENABLE_OBJC_ARC = YES;
				CLANG_WARN_BOOL_CONVERSION = YES;
				CLANG_WARN_CONSTANT_CONVERSION = YES;
				CLANG_WARN_DIRECT_OBJC_ISA_USAGE = YES_ERROR;
				CLANG_WARN_EMPTY_BODY = YES;
				CLANG_WARN_ENUM_CONVERSION = YES;
				CLANG_WARN_INT_CONVERSION = YES;
				CLANG_WARN_OBJC_ROOT_CLASS = YES_ERROR;
				CLANG_WARN_UNREACHABLE_CODE = YES;
				CLANG_WARN__DUPLICATE_METHOD_MATCH = YES;
				"CODE_SIGN_IDENTITY[sdk=iphoneos*]" = "iPhone Developer";
				COPY_PHASE_STRIP = NO;
				DEBUG_INFORMATION_FORMAT = dwarf;
				ENABLE_STRICT_OBJC_MSGSEND = YES;
				ENABLE_TESTABILITY = YES;
				GCC_C_LANGUAGE_STANDARD = gnu99;
				GCC_DYNAMIC_NO_PIC = NO;
				GCC_NO_COMMON_BLOCKS = YES;
				GCC_OPTIMIZATION_LEVEL = 0;
				GCC_PREPROCESSOR_DEFINITIONS = (
					"DEBUG=1",
					"$(inherited)",
				);
				GCC_WARN_64_TO_32_BIT_CONVERSION = YES;
				GCC_WARN_ABOUT_RETURN_TYPE = YES_ERROR;
				GCC_WARN_UNDECLARED_SELECTOR = YES;
				GCC_WARN_UNINITIALIZED_AUTOS = YES_AGGRESSIVE;
				GCC_WARN_UNUSED_FUNCTION = YES;
				GCC_WARN_UNUSED_VARIABLE = YES;
				IPHONEOS_DEPLOYMENT_TARGET = 9.3;
				MTL_ENABLE_DEBUG_INFO = YES;
				ONLY_ACTIVE_ARCH = YES;
				SDKROOT = iphoneos;
			};
			name = Debug;
		};
		EE251FA71D2FCE6D0084688D /* Release */ = {
			isa = XCBuildConfiguration;
			buildSettings = {
				ALWAYS_SEARCH_USER_PATHS = NO;
				CLANG_ANALYZER_NONNULL = YES;
				CLANG_CXX_LANGUAGE_STANDARD = "gnu++0x";
				CLANG_CXX_LIBRARY = "libc++";
				CLANG_ENABLE_MODULES = YES;
				CLANG_ENABLE_OBJC_ARC = YES;
				CLANG_WARN_BOOL_CONVERSION = YES;
				CLANG_WARN_CONSTANT_CONVERSION = YES;
				CLANG_WARN_DIRECT_OBJC_ISA_USAGE = YES_ERROR;
				CLANG_WARN_EMPTY_BODY = YES;
				CLANG_WARN_ENUM_CONVERSION = YES;
				CLANG_WARN_INT_CONVERSION = YES;
				CLANG_WARN_OBJC_ROOT_CLASS = YES_ERROR;
				CLANG_WARN_UNREACHABLE_CODE = YES;
				CLANG_WARN__DUPLICATE_METHOD_MATCH = YES;
				"CODE_SIGN_IDENTITY[sdk=iphoneos*]" = "iPhone Developer";
				COPY_PHASE_STRIP = NO;
				DEBUG_INFORMATION_FORMAT = "dwarf-with-dsym";
				ENABLE_NS_ASSERTIONS = NO;
				ENABLE_STRICT_OBJC_MSGSEND = YES;
				GCC_C_LANGUAGE_STANDARD = gnu99;
				GCC_NO_COMMON_BLOCKS = YES;
				GCC_WARN_64_TO_32_BIT_CONVERSION = YES;
				GCC_WARN_ABOUT_RETURN_TYPE = YES_ERROR;
				GCC_WARN_UNDECLARED_SELECTOR = YES;
				GCC_WARN_UNINITIALIZED_AUTOS = YES_AGGRESSIVE;
				GCC_WARN_UNUSED_FUNCTION = YES;
				GCC_WARN_UNUSED_VARIABLE = YES;
				IPHONEOS_DEPLOYMENT_TARGET = 9.3;
				MTL_ENABLE_DEBUG_INFO = NO;
				SDKROOT = iphoneos;
				VALIDATE_PRODUCT = YES;
			};
			name = Release;
		};
		EE251FA91D2FCE6D0084688D /* Debug */ = {
			isa = XCBuildConfiguration;
			buildSettings = {
				OTHER_LDFLAGS = "-ObjC";
				PRODUCT_NAME = "$(TARGET_NAME)";
				SKIP_INSTALL = YES;
			};
			name = Debug;
		};
		EE251FAA1D2FCE6D0084688D /* Release */ = {
			isa = XCBuildConfiguration;
			buildSettings = {
				OTHER_LDFLAGS = "-ObjC";
				PRODUCT_NAME = "$(TARGET_NAME)";
				SKIP_INSTALL = YES;
			};
			name = Release;
		};
		EE2520AB1D2FEA4F0084688D /* Debug */ = {
			isa = XCBuildConfiguration;
			buildSettings = {
				OTHER_LDFLAGS = "-ObjC";
				PRODUCT_NAME = "$(TARGET_NAME)";
				SKIP_INSTALL = YES;
			};
			name = Debug;
		};
		EE2520AC1D2FEA4F0084688D /* Release */ = {
			isa = XCBuildConfiguration;
			buildSettings = {
				OTHER_LDFLAGS = "-ObjC";
				PRODUCT_NAME = "$(TARGET_NAME)";
				SKIP_INSTALL = YES;
			};
			name = Release;
		};
/* End XCBuildConfiguration section */

/* Begin XCConfigurationList section */
		EE251F9A1D2FCE6D0084688D /* Build configuration list for PBXProject "gtestSrc" */ = {
			isa = XCConfigurationList;
			buildConfigurations = (
				EE251FA61D2FCE6D0084688D /* Debug */,
				EE251FA71D2FCE6D0084688D /* Release */,
			);
			defaultConfigurationIsVisible = 0;
			defaultConfigurationName = Release;
		};
		EE251FA81D2FCE6D0084688D /* Build configuration list for PBXNativeTarget "gtestSrc" */ = {
			isa = XCConfigurationList;
			buildConfigurations = (
				EE251FA91D2FCE6D0084688D /* Debug */,
				EE251FAA1D2FCE6D0084688D /* Release */,
			);
			defaultConfigurationIsVisible = 0;
			defaultConfigurationName = Release;
		};
		EE2520AD1D2FEA4F0084688D /* Build configuration list for PBXNativeTarget "gtest_main" */ = {
			isa = XCConfigurationList;
			buildConfigurations = (
				EE2520AB1D2FEA4F0084688D /* Debug */,
				EE2520AC1D2FEA4F0084688D /* Release */,
			);
			defaultConfigurationIsVisible = 0;
			defaultConfigurationName = Release;
		};
/* End XCConfigurationList section */
	};
	rootObject = EE251F971D2FCE6D0084688D /* Project object */;
}
